
Microsoft Visual Studio Solution File, Format Version 12.00
# Visual Studio Version 17
VisualStudioVersion = 17.6.33815.320
MinimumVisualStudioVersion = 10.0.40219.1
Project("{9A19103F-16F7-4668-BE54-9A1E7A4F7556}") = "Character-Engine-Discord", "Character-Engine-Discord.csproj", "{DFAADA61-C789-4043-AA67-7913CBAB30D7}"
EndProject
Global
	GlobalSection(SolutionConfigurationPlatforms) = preSolution
		Debug|Any CPU = Debug|Any CPU
		Release|Any CPU = Release|Any CPU
	EndGlobalSection
	GlobalSection(ProjectConfigurationPlatforms) = postSolution
		{DFAADA61-C789-4043-AA67-7913CBAB30D7}.Debug|Any CPU.ActiveCfg = Debug|Any CPU
		{DFAADA61-C789-4043-AA67-7913CBAB30D7}.Debug|Any CPU.Build.0 = Debug|Any CPU
		{DFAADA61-C789-4043-AA67-7913CBAB30D7}.Release|Any CPU.ActiveCfg = Release|Any CPU
		{DFAADA61-C789-4043-AA67-7913CBAB30D7}.Release|Any CPU.Build.0 = Release|Any CPU
	EndGlobalSection
	GlobalSection(SolutionProperties) = preSolution
		HideSolutionNode = FALSE
	EndGlobalSection
	GlobalSection(ExtensibilityGlobals) = postSolution
		SolutionGuid = {74E3F4B7-977A-4568-8713-DE4B0CA2CAE8}
	EndGlobalSection
EndGlobal
