<Solution>
  <Project Path="CharacterEngineDiscord.Core/CharacterEngineDiscord.Core.csproj" />
  <Project Path="CharacterEngineDiscord.DataAccess/CharacterEngineDiscord.DataAccess.csproj" />
  <Project Path="CharacterEngineDiscord.Tests/CharacterEngineDiscord.Tests.csproj" />
  <Project Path="CharacterEngineDiscord/CharacterEngineDiscord.csproj" />
</Solution>
